// !$*UTF8*$!
{
	archiveVersion = 1;
	classes = {
	};
	objectVersion = 50;
	objects = {

/* Begin PBXBuildFile section */
		0CEEA45B209D562000F4202B /* AppDelegate.m in Sources */ = {isa = PBXBuildFile; fileRef = 0CEEA45A209D562000F4202B /* AppDelegate.m */; };
		0CEEA45E209D562000F4202B /* ViewController.m in Sources */ = {isa = PBXBuildFile; fileRef = 0CEEA45D209D562000F4202B /* ViewController.m */; };
		0CEEA461209D562000F4202B /* Main.storyboard in Resources */ = {isa = PBXBuildFile; fileRef = 0CEEA45F209D562000F4202B /* Main.storyboard */; };
		0CEEA463209D562300F4202B /* Assets.xcassets in Resources */ = {isa = PBXBuildFile; fileRef = 0CEEA462209D562300F4202B /* Assets.xcassets */; };
		0CEEA466209D562300F4202B /* LaunchScreen.storyboard in Resources */ = {isa = PBXBuildFile; fileRef = 0CEEA464209D562300F4202B /* LaunchScreen.storyboard */; };
		0CEEA469209D562300F4202B /* main.m in Sources */ = {isa = PBXBuildFile; fileRef = 0CEEA468209D562300F4202B /* main.m */; };
		0CEEA473209D562300F4202B /* testTests.m in Sources */ = {isa = PBXBuildFile; fileRef = 0CEEA472209D562300F4202B /* testTests.m */; };
		0CEEA47E209D562300F4202B /* testUITests.m in Sources */ = {isa = PBXBuildFile; fileRef = 0CEEA47D209D562300F4202B /* testUITests.m */; };
/* End PBXBuildFile section */

/* Begin PBXContainerItemProxy section */
		0CEEA46F209D562300F4202B /* PBXContainerItemProxy */ = {
			isa = PBXContainerItemProxy;
			containerPortal = 0CEEA44E209D562000F4202B /* Project object */;
			proxyType = 1;
			remoteGlobalIDString = 0CEEA455209D562000F4202B;
			remoteInfo = test;
		};
		0CEEA47A209D562300F4202B /* PBXContainerItemProxy */ = {
			isa = PBXContainerItemProxy;
			containerPortal = 0CEEA44E209D562000F4202B /* Project object */;
			proxyType = 1;
			remoteGlobalIDString = 0CEEA455209D562000F4202B;
			remoteInfo = test;
		};
/* End PBXContainerItemProxy section */

/* Begin PBXFileReference section */
		0CEEA456209D562000F4202B /* test.app */ = {isa = PBXFileReference; explicitFileType = wrapper.application; includeInIndex = 0; path = test.app; sourceTree = BUILT_PRODUCTS_DIR; };
		0CEEA459209D562000F4202B /* AppDelegate.h */ = {isa = PBXFileReference; lastKnownFileType = sourcecode.c.h; path = AppDelegate.h; sourceTree = "<group>"; };
		0CEEA45A209D562000F4202B /* AppDelegate.m */ = {isa = PBXFileReference; lastKnownFileType = sourcecode.c.objc; path = AppDelegate.m; sourceTree = "<group>"; };
		0CEEA45C209D562000F4202B /* ViewController.h */ = {isa = PBXFileReference; lastKnownFileType = sourcecode.c.h; path = ViewController.h; sourceTree = "<group>"; };
		0CEEA45D209D562000F4202B /* ViewController.m */ = {isa = PBXFileReference; lastKnownFileType = sourcecode.c.objc; path = ViewController.m; sourceTree = "<group>"; };
		0CEEA460209D562000F4202B /* Base */ = {isa = PBXFileReference; lastKnownFileType = file.storyboard; name = Base; path = Base.lproj/Main.storyboard; sourceTree = "<group>"; };
		0CEEA462209D562300F4202B /* Assets.xcassets */ = {isa = PBXFileReference; lastKnownFileType = folder.assetcatalog; path = Assets.xcassets; sourceTree = "<group>"; };
		0CEEA465209D562300F4202B /* Base */ = {isa = PBXFileReference; lastKnownFileType = file.storyboard; name = Base; path = Base.lproj/LaunchScreen.storyboard; sourceTree = "<group>"; };
		0CEEA467209D562300F4202B /* Info.plist */ = {isa = PBXFileReference; lastKnownFileType = text.plist.xml; path = Info.plist; sourceTree = "<group>"; };
		0CEEA468209D562300F4202B /* main.m */ = {isa = PBXFileReference; lastKnownFileType = sourcecode.c.objc; path = main.m; sourceTree = "<group>"; };
		0CEEA46E209D562300F4202B /* testTests.xctest */ = {isa = PBXFileReference; explicitFileType = wrapper.cfbundle; includeInIndex = 0; path = testTests.xctest; sourceTree = BUILT_PRODUCTS_DIR; };
		0CEEA472209D562300F4202B /* testTests.m */ = {isa = PBXFileReference; lastKnownFileType = sourcecode.c.objc; path = testTests.m; sourceTree = "<group>"; };
		0CEEA474209D562300F4202B /* Info.plist */ = {isa = PBXFileReference; lastKnownFileType = text.plist.xml; path = Info.plist; sourceTree = "<group>"; };
		0CEEA479209D562300F4202B /* testUITests.xctest */ = {isa = PBXFileReference; explicitFileType = wrapper.cfbundle; includeInIndex = 0; path = testUITests.xctest; sourceTree = BUILT_PRODUCTS_DIR; };
		0CEEA47D209D562300F4202B /* testUITests.m */ = {isa = PBXFileReference; lastKnownFileType = sourcecode.c.objc; path = testUITests.m; sourceTree = "<group>"; };
		0CEEA47F209D562300F4202B /* Info.plist */ = {isa = PBXFileReference; lastKnownFileType = text.plist.xml; path = Info.plist; sourceTree = "<group>"; };
/* End PBXFileReference section */

/* Begin PBXFrameworksBuildPhase section */
		0CEEA453209D562000F4202B /* Frameworks */ = {
			isa = PBXFrameworksBuildPhase;
			buildActionMask = 2147483647;
			files = (
			);
			runOnlyForDeploymentPostprocessing = 0;
		};
		0CEEA46B209D562300F4202B /* Frameworks */ = {
			isa = PBXFrameworksBuildPhase;
			buildActionMask = 2147483647;
			files = (
			);
			runOnlyForDeploymentPostprocessing = 0;
		};
		0CEEA476209D562300F4202B /* Frameworks */ = {
			isa = PBXFrameworksBuildPhase;
			buildActionMask = 2147483647;
			files = (
			);
			runOnlyForDeploymentPostprocessing = 0;
		};
/* End PBXFrameworksBuildPhase section */

/* Begin PBXGroup section */
		0CEEA44D209D562000F4202B = {
			isa = PBXGroup;
			children = (
				0CEEA458209D562000F4202B /* test */,
				0CEEA471209D562300F4202B /* testTests */,
				0CEEA47C209D562300F4202B /* testUITests */,
				0CEEA457209D562000F4202B /* Products */,
			);
			sourceTree = "<group>";
		};
		0CEEA457209D562000F4202B /* Products */ = {
			isa = PBXGroup;
			children = (
				0CEEA456209D562000F4202B /* test.app */,
				0CEEA46E209D562300F4202B /* testTests.xctest */,
				0CEEA479209D562300F4202B /* testUITests.xctest */,
			);
			name = Products;
			sourceTree = "<group>";
		};
		0CEEA458209D562000F4202B /* test */ = {
			isa = PBXGroup;
			children = (
				0CEEA459209D562000F4202B /* AppDelegate.h */,
				0CEEA45A209D562000F4202B /* AppDelegate.m */,
				0CEEA45C209D562000F4202B /* ViewController.h */,
				0CEEA45D209D562000F4202B /* ViewController.m */,
				0CEEA45F209D562000F4202B /* Main.storyboard */,
				0CEEA462209D562300F4202B /* Assets.xcassets */,
				0CEEA464209D562300F4202B /* LaunchScreen.storyboard */,
				0CEEA467209D562300F4202B /* Info.plist */,
				0CEEA468209D562300F4202B /* main.m */,
			);
			path = test;
			sourceTree = "<group>";
		};
		0CEEA471209D562300F4202B /* testTests */ = {
			isa = PBXGroup;
			children = (
				0CEEA472209D562300F4202B /* testTests.m */,
				0CEEA474209D562300F4202B /* Info.plist */,
			);
			path = testTests;
			sourceTree = "<group>";
		};
		0CEEA47C209D562300F4202B /* testUITests */ = {
			isa = PBXGroup;
			children = (
				0CEEA47D209D562300F4202B /* testUITests.m */,
				0CEEA47F209D562300F4202B /* Info.plist */,
			);
			path = testUITests;
			sourceTree = "<group>";
		};
/* End PBXGroup section */

/* Begin PBXNativeTarget section */
		0CEEA455209D562000F4202B /* test */ = {
			isa = PBXNativeTarget;
			buildConfigurationList = 0CEEA482209D562300F4202B /* Build configuration list for PBXNativeTarget "test" */;
			buildPhases = (
				0CEEA452209D562000F4202B /* Sources */,
				0CEEA453209D562000F4202B /* Frameworks */,
				0CEEA454209D562000F4202B /* Resources */,
			);
			buildRules = (
			);
			dependencies = (
			);
			name = test;
			productName = test;
			productReference = 0CEEA456209D562000F4202B /* test.app */;
			productType = "com.apple.product-type.application";
		};
		0CEEA46D209D562300F4202B /* testTests */ = {
			isa = PBXNativeTarget;
			buildConfigurationList = 0CEEA485209D562300F4202B /* Build configuration list for PBXNativeTarget "testTests" */;
			buildPhases = (
				0CEEA46A209D562300F4202B /* Sources */,
				0CEEA46B209D562300F4202B /* Frameworks */,
				0CEEA46C209D562300F4202B /* Resources */,
			);
			buildRules = (
			);
			dependencies = (
				0CEEA470209D562300F4202B /* PBXTargetDependency */,
			);
			name = testTests;
			productName = testTests;
			productReference = 0CEEA46E209D562300F4202B /* testTests.xctest */;
			productType = "com.apple.product-type.bundle.unit-test";
		};
		0CEEA478209D562300F4202B /* testUITests */ = {
			isa = PBXNativeTarget;
			buildConfigurationList = 0CEEA488209D562300F4202B /* Build configuration list for PBXNativeTarget "testUITests" */;
			buildPhases = (
				0CEEA475209D562300F4202B /* Sources */,
				0CEEA476209D562300F4202B /* Frameworks */,
				0CEEA477209D562300F4202B /* Resources */,
			);
			buildRules = (
			);
			dependencies = (
				0CEEA47B209D562300F4202B /* PBXTargetDependency */,
			);
			name = testUITests;
			productName = testUITests;
			productReference = 0CEEA479209D562300F4202B /* testUITests.xctest */;
			productType = "com.apple.product-type.bundle.ui-testing";
		};
/* End PBXNativeTarget section */

/* Begin PBXProject section */
		0CEEA44E209D562000F4202B /* Project object */ = {
			isa = PBXProject;
			attributes = {
				LastUpgradeCheck = 0930;
				ORGANIZATIONNAME = spidepa;
				TargetAttributes = {
					0CEEA455209D562000F4202B = {
						CreatedOnToolsVersion = 9.3;
					};
					0CEEA46D209D562300F4202B = {
						CreatedOnToolsVersion = 9.3;
						TestTargetID = 0CEEA455209D562000F4202B;
					};
					0CEEA478209D562300F4202B = {
						CreatedOnToolsVersion = 9.3;
						TestTargetID = 0CEEA455209D562000F4202B;
					};
				};
			};
			buildConfigurationList = 0CEEA451209D562000F4202B /* Build configuration list for PBXProject "test" */;
			compatibilityVersion = "Xcode 9.3";
			developmentRegion = en;
			hasScannedForEncodings = 0;
			knownRegions = (
				en,
				Base,
			);
			mainGroup = 0CEEA44D209D562000F4202B;
			productRefGroup = 0CEEA457209D562000F4202B /* Products */;
			projectDirPath = "";
			projectRoot = "";
			targets = (
				0CEEA455209D562000F4202B /* test */,
				0CEEA46D209D562300F4202B /* testTests */,
				0CEEA478209D562300F4202B /* testUITests */,
			);
		};
/* End PBXProject section */

/* Begin PBXResourcesBuildPhase section */
		0CEEA454209D562000F4202B /* Resources */ = {
			isa = PBXResourcesBuildPhase;
			buildActionMask = 2147483647;
			files = (
				0CEEA466209D562300F4202B /* LaunchScreen.storyboard in Resources */,
				0CEEA463209D562300F4202B /* Assets.xcassets in Resources */,
				0CEEA461209D562000F4202B /* Main.storyboard in Resources */,
			);
			runOnlyForDeploymentPostprocessing = 0;
		};
		0CEEA46C209D562300F4202B /* Resources */ = {
			isa = PBXResourcesBuildPhase;
			buildActionMask = 2147483647;
			files = (
			);
			runOnlyForDeploymentPostprocessing = 0;
		};
		0CEEA477209D562300F4202B /* Resources */ = {
			isa = PBXResourcesBuildPhase;
			buildActionMask = 2147483647;
			files = (
			);
			runOnlyForDeploymentPostprocessing = 0;
		};
/* End PBXResourcesBuildPhase section */

/* Begin PBXSourcesBuildPhase section */
		0CEEA452209D562000F4202B /* Sources */ = {
			isa = PBXSourcesBuildPhase;
			buildActionMask = 2147483647;
			files = (
				0CEEA45E209D562000F4202B /* ViewController.m in Sources */,
				0CEEA469209D562300F4202B /* main.m in Sources */,
				0CEEA45B209D562000F4202B /* AppDelegate.m in Sources */,
			);
			runOnlyForDeploymentPostprocessing = 0;
		};
		0CEEA46A209D562300F4202B /* Sources */ = {
			isa = PBXSourcesBuildPhase;
			buildActionMask = 2147483647;
			files = (
				0CEEA473209D562300F4202B /* testTests.m in Sources */,
			);
			runOnlyForDeploymentPostprocessing = 0;
		};
		0CEEA475209D562300F4202B /* Sources */ = {
			isa = PBXSourcesBuildPhase;
			buildActionMask = 2147483647;
			files = (
				0CEEA47E209D562300F4202B /* testUITests.m in Sources */,
			);
			runOnlyForDeploymentPostprocessing = 0;
		};
/* End PBXSourcesBuildPhase section */

/* Begin PBXTargetDependency section */
		0CEEA470209D562300F4202B /* PBXTargetDependency */ = {
			isa = PBXTargetDependency;
			target = 0CEEA455209D562000F4202B /* test */;
			targetProxy = 0CEEA46F209D562300F4202B /* PBXContainerItemProxy */;
		};
		0CEEA47B209D562300F4202B /* PBXTargetDependency */ = {
			isa = PBXTargetDependency;
			target = 0CEEA455209D562000F4202B /* test */;
			targetProxy = 0CEEA47A209D562300F4202B /* PBXContainerItemProxy */;
		};
/* End PBXTargetDependency section */

/* Begin PBXVariantGroup section */
		0CEEA45F209D562000F4202B /* Main.storyboard */ = {
			isa = PBXVariantGroup;
			children = (
				0CEEA460209D562000F4202B /* Base */,
			);
			name = Main.storyboard;
			sourceTree = "<group>";
		};
		0CEEA464209D562300F4202B /* LaunchScreen.storyboard */ = {
			isa = PBXVariantGroup;
			children = (
				0CEEA465209D562300F4202B /* Base */,
			);
			name = LaunchScreen.storyboard;
			sourceTree = "<group>";
		};
/* End PBXVariantGroup section */

/* Begin XCBuildConfiguration section */
		0CEEA480209D562300F4202B /* Debug */ = {
			isa = XCBuildConfiguration;
			buildSettings = {
				ALWAYS_SEARCH_USER_PATHS = NO;
				CLANG_ANALYZER_NONNULL = YES;
				CLANG_ANALYZER_NUMBER_OBJECT_CONVERSION = YES_AGGRESSIVE;
				CLANG_CXX_LANGUAGE_STANDARD = "gnu++14";
				CLANG_CXX_LIBRARY = "libc++";
				CLANG_ENABLE_MODULES = YES;
				CLANG_ENABLE_OBJC_ARC = YES;
				CLANG_ENABLE_OBJC_WEAK = YES;
				CLANG_WARN_BLOCK_CAPTURE_AUTORELEASING = YES;
				CLANG_WARN_BOOL_CONVERSION = YES;
				CLANG_WARN_COMMA = YES;
				CLANG_WARN_CONSTANT_CONVERSION = YES;
				CLANG_WARN_DEPRECATED_OBJC_IMPLEMENTATIONS = YES;
				CLANG_WARN_DIRECT_OBJC_ISA_USAGE = YES_ERROR;
				CLANG_WARN_DOCUMENTATION_COMMENTS = YES;
				CLANG_WARN_EMPTY_BODY = YES;
				CLANG_WARN_ENUM_CONVERSION = YES;
				CLANG_WARN_INFINITE_RECURSION = YES;
				CLANG_WARN_INT_CONVERSION = YES;
				CLANG_WARN_NON_LITERAL_NULL_CONVERSION = YES;
				CLANG_WARN_OBJC_IMPLICIT_RETAIN_SELF = YES;
				CLANG_WARN_OBJC_LITERAL_CONVERSION = YES;
				CLANG_WARN_OBJC_ROOT_CLASS = YES_ERROR;
				CLANG_WARN_RANGE_LOOP_ANALYSIS = YES;
				CLANG_WARN_STRICT_PROTOTYPES = YES;
				CLANG_WARN_SUSPICIOUS_MOVE = YES;
				CLANG_WARN_UNGUARDED_AVAILABILITY = YES_AGGRESSIVE;
				CLANG_WARN_UNREACHABLE_CODE = YES;
				CLANG_WARN__DUPLICATE_METHOD_MATCH = YES;
				CODE_SIGN_IDENTITY = "iPhone Developer";
				COPY_PHASE_STRIP = NO;
				DEBUG_INFORMATION_FORMAT = dwarf;
				ENABLE_STRICT_OBJC_MSGSEND = YES;
				ENABLE_TESTABILITY = YES;
				GCC_C_LANGUAGE_STANDARD = gnu11;
				GCC_DYNAMIC_NO_PIC = NO;
				GCC_NO_COMMON_BLOCKS = YES;
				GCC_OPTIMIZATION_LEVEL = 0;
				GCC_PREPROCESSOR_DEFINITIONS = (
					"DEBUG=1",
					"$(inherited)",
				);
				GCC_WARN_64_TO_32_BIT_CONVERSION = YES;
				GCC_WARN_ABOUT_RETURN_TYPE = YES_ERROR;
				GCC_WARN_UNDECLARED_SELECTOR = YES;
				GCC_WARN_UNINITIALIZED_AUTOS = YES_AGGRESSIVE;
				GCC_WARN_UNUSED_FUNCTION = YES;
				GCC_WARN_UNUSED_VARIABLE = YES;
				IPHONEOS_DEPLOYMENT_TARGET = 11.3;
				MTL_ENABLE_DEBUG_INFO = YES;
				ONLY_ACTIVE_ARCH = YES;
				SDKROOT = iphoneos;
			};
			name = Debug;
		};
		0CEEA481209D562300F4202B /* Release */ = {
			isa = XCBuildConfiguration;
			buildSettings = {
				ALWAYS_SEARCH_USER_PATHS = NO;
				CLANG_ANALYZER_NONNULL = YES;
				CLANG_ANALYZER_NUMBER_OBJECT_CONVERSION = YES_AGGRESSIVE;
				CLANG_CXX_LANGUAGE_STANDARD = "gnu++14";
				CLANG_CXX_LIBRARY = "libc++";
				CLANG_ENABLE_MODULES = YES;
				CLANG_ENABLE_OBJC_ARC = YES;
				CLANG_ENABLE_OBJC_WEAK = YES;
				CLANG_WARN_BLOCK_CAPTURE_AUTORELEASING = YES;
				CLANG_WARN_BOOL_CONVERSION = YES;
				CLANG_WARN_COMMA = YES;
				CLANG_WARN_CONSTANT_CONVERSION = YES;
				CLANG_WARN_DEPRECATED_OBJC_IMPLEMENTATIONS = YES;
				CLANG_WARN_DIRECT_OBJC_ISA_USAGE = YES_ERROR;
				CLANG_WARN_DOCUMENTATION_COMMENTS = YES;
				CLANG_WARN_EMPTY_BODY = YES;
				CLANG_WARN_ENUM_CONVERSION = YES;
				CLANG_WARN_INFINITE_RECURSION = YES;
				CLANG_WARN_INT_CONVERSION = YES;
				CLANG_WARN_NON_LITERAL_NULL_CONVERSION = YES;
				CLANG_WARN_OBJC_IMPLICIT_RETAIN_SELF = YES;
				CLANG_WARN_OBJC_LITERAL_CONVERSION = YES;
				CLANG_WARN_OBJC_ROOT_CLASS = YES_ERROR;
				CLANG_WARN_RANGE_LOOP_ANALYSIS = YES;
				CLANG_WARN_STRICT_PROTOTYPES = YES;
				CLANG_WARN_SUSPICIOUS_MOVE = YES;
				CLANG_WARN_UNGUARDED_AVAILABILITY = YES_AGGRESSIVE;
				CLANG_WARN_UNREACHABLE_CODE = YES;
				CLANG_WARN__DUPLICATE_METHOD_MATCH = YES;
				CODE_SIGN_IDENTITY = "iPhone Developer";
				COPY_PHASE_STRIP = NO;
				DEBUG_INFORMATION_FORMAT = "dwarf-with-dsym";
				ENABLE_NS_ASSERTIONS = NO;
				ENABLE_STRICT_OBJC_MSGSEND = YES;
				GCC_C_LANGUAGE_STANDARD = gnu11;
				GCC_NO_COMMON_BLOCKS = YES;
				GCC_WARN_64_TO_32_BIT_CONVERSION = YES;
				GCC_WARN_ABOUT_RETURN_TYPE = YES_ERROR;
				GCC_WARN_UNDECLARED_SELECTOR = YES;
				GCC_WARN_UNINITIALIZED_AUTOS = YES_AGGRESSIVE;
				GCC_WARN_UNUSED_FUNCTION = YES;
				GCC_WARN_UNUSED_VARIABLE = YES;
				IPHONEOS_DEPLOYMENT_TARGET = 11.3;
				MTL_ENABLE_DEBUG_INFO = NO;
				SDKROOT = iphoneos;
				VALIDATE_PRODUCT = YES;
			};
			name = Release;
		};
		0CEEA483209D562300F4202B /* Debug */ = {
			isa = XCBuildConfiguration;
			buildSettings = {
				ASSETCATALOG_COMPILER_APPICON_NAME = AppIcon;
				CODE_SIGN_STYLE = Automatic;
				DEVELOPMENT_TEAM = P7P62467XU;
				INFOPLIST_FILE = test/Info.plist;
				LD_RUNPATH_SEARCH_PATHS = (
					"$(inherited)",
					"@executable_path/Frameworks",
				);
				PRODUCT_BUNDLE_IDENTIFIER = eisenlo.test;
				PRODUCT_NAME = "$(TARGET_NAME)";
				TARGETED_DEVICE_FAMILY = "1,2";
			};
			name = Debug;
		};
		0CEEA484209D562300F4202B /* Release */ = {
			isa = XCBuildConfiguration;
			buildSettings = {
				ASSETCATALOG_COMPILER_APPICON_NAME = AppIcon;
				CODE_SIGN_STYLE = Automatic;
				DEVELOPMENT_TEAM = P7P62467XU;
				INFOPLIST_FILE = test/Info.plist;
				LD_RUNPATH_SEARCH_PATHS = (
					"$(inherited)",
					"@executable_path/Frameworks",
				);
				PRODUCT_BUNDLE_IDENTIFIER = eisenlo.test;
				PRODUCT_NAME = "$(TARGET_NAME)";
				TARGETED_DEVICE_FAMILY = "1,2";
			};
			name = Release;
		};
		0CEEA486209D562300F4202B /* Debug */ = {
			isa = XCBuildConfiguration;
			buildSettings = {
				BUNDLE_LOADER = "$(TEST_HOST)";
				CODE_SIGN_STYLE = Automatic;
				DEVELOPMENT_TEAM = P7P62467XU;
				INFOPLIST_FILE = testTests/Info.plist;
				LD_RUNPATH_SEARCH_PATHS = (
					"$(inherited)",
					"@executable_path/Frameworks",
					"@loader_path/Frameworks",
				);
				PRODUCT_BUNDLE_IDENTIFIER = eisenlo.testTests;
				PRODUCT_NAME = "$(TARGET_NAME)";
				TARGETED_DEVICE_FAMILY = "1,2";
				TEST_HOST = "$(BUILT_PRODUCTS_DIR)/test.app/test";
			};
			name = Debug;
		};
		0CEEA487209D562300F4202B /* Release */ = {
			isa = XCBuildConfiguration;
			buildSettings = {
				BUNDLE_LOADER = "$(TEST_HOST)";
				CODE_SIGN_STYLE = Automatic;
				DEVELOPMENT_TEAM = P7P62467XU;
				INFOPLIST_FILE = testTests/Info.plist;
				LD_RUNPATH_SEARCH_PATHS = (
					"$(inherited)",
					"@executable_path/Frameworks",
					"@loader_path/Frameworks",
				);
				PRODUCT_BUNDLE_IDENTIFIER = eisenlo.testTests;
				PRODUCT_NAME = "$(TARGET_NAME)";
				TARGETED_DEVICE_FAMILY = "1,2";
				TEST_HOST = "$(BUILT_PRODUCTS_DIR)/test.app/test";
			};
			name = Release;
		};
		0CEEA489209D562300F4202B /* Debug */ = {
			isa = XCBuildConfiguration;
			buildSettings = {
				CODE_SIGN_STYLE = Automatic;
				DEVELOPMENT_TEAM = P7P62467XU;
				INFOPLIST_FILE = testUITests/Info.plist;
				LD_RUNPATH_SEARCH_PATHS = (
					"$(inherited)",
					"@executable_path/Frameworks",
					"@loader_path/Frameworks",
				);
				PRODUCT_BUNDLE_IDENTIFIER = eisenlo.testUITests;
				PRODUCT_NAME = "$(TARGET_NAME)";
				TARGETED_DEVICE_FAMILY = "1,2";
				TEST_TARGET_NAME = test;
			};
			name = Debug;
		};
		0CEEA48A209D562300F4202B /* Release */ = {
			isa = XCBuildConfiguration;
			buildSettings = {
				CODE_SIGN_STYLE = Automatic;
				DEVELOPMENT_TEAM = P7P62467XU;
				INFOPLIST_FILE = testUITests/Info.plist;
				LD_RUNPATH_SEARCH_PATHS = (
					"$(inherited)",
					"@executable_path/Frameworks",
					"@loader_path/Frameworks",
				);
				PRODUCT_BUNDLE_IDENTIFIER = eisenlo.testUITests;
				PRODUCT_NAME = "$(TARGET_NAME)";
				TARGETED_DEVICE_FAMILY = "1,2";
				TEST_TARGET_NAME = test;
			};
			name = Release;
		};
/* End XCBuildConfiguration section */

/* Begin XCConfigurationList section */
		0CEEA451209D562000F4202B /* Build configuration list for PBXProject "test" */ = {
			isa = XCConfigurationList;
			buildConfigurations = (
				0CEEA480209D562300F4202B /* Debug */,
				0CEEA481209D562300F4202B /* Release */,
			);
			defaultConfigurationIsVisible = 0;
			defaultConfigurationName = Release;
		};
		0CEEA482209D562300F4202B /* Build configuration list for PBXNativeTarget "test" */ = {
			isa = XCConfigurationList;
			buildConfigurations = (
				0CEEA483209D562300F4202B /* Debug */,
				0CEEA484209D562300F4202B /* Release */,
			);
			defaultConfigurationIsVisible = 0;
			defaultConfigurationName = Release;
		};
		0CEEA485209D562300F4202B /* Build configuration list for PBXNativeTarget "testTests" */ = {
			isa = XCConfigurationList;
			buildConfigurations = (
				0CEEA486209D562300F4202B /* Debug */,
				0CEEA487209D562300F4202B /* Release */,
			);
			defaultConfigurationIsVisible = 0;
			defaultConfigurationName = Release;
		};
		0CEEA488209D562300F4202B /* Build configuration list for PBXNativeTarget "testUITests" */ = {
			isa = XCConfigurationList;
			buildConfigurations = (
				0CEEA489209D562300F4202B /* Debug */,
				0CEEA48A209D562300F4202B /* Release */,
			);
			defaultConfigurationIsVisible = 0;
			defaultConfigurationName = Release;
		};
/* End XCConfigurationList section */
	};
	rootObject = 0CEEA44E209D562000F4202B /* Project object */;
}
